// !$*UTF8*$!
{
	archiveVersion = 1;
	classes = {
	};
	objectVersion = 55;
	objects = {

/* Begin PBXBuildFile section */
		1D60589F0D05DD5A006BFB54 /* Foundation.framework in Frameworks */ = {isa = PBXBuildFile; fileRef = 1D30AB110D05D00D00671497 /* Foundation.framework */; };
		1DF5F4E00D08C38300B7A737 /* UIKit.framework in Frameworks */ = {isa = PBXBuildFile; fileRef = 1DF5F4DF0D08C38300B7A737 /* UIKit.framework */; };
		288765A50DF7441C002DB57D /* CoreGraphics.framework in Frameworks */ = {isa = PBXBuildFile; fileRef = 288765A40DF7441C002DB57D /* CoreGraphics.framework */; };
		2F230564246D005700291AC7 /* LaunchScreen.storyboard in Resources */ = {isa = PBXBuildFile; fileRef = 2F230563246D005700291AC7 /* LaunchScreen.storyboard */; };
		2FF0ED75246D04F3006B4A1B /* bg_iPhoneXSmax.png in Resources */ = {isa = PBXBuildFile; fileRef = 2FF0ED74246D04F3006B4A1B /* bg_iPhoneXSmax.png */; };
		2FF0ED79246D0644006B4A1B /* bg_iPhoneXR.png in Resources */ = {isa = PBXBuildFile; fileRef = 2FF0ED78246D0643006B4A1B /* bg_iPhoneXR.png */; };
		64535FB3F51FC6B61B74591A /* Pods_ShakeItPhoto.framework in Frameworks */ = {isa = PBXBuildFile; fileRef = AC0B5B14CE98FF412852DDBB /* Pods_ShakeItPhoto.framework */; };
		6AC4EB6519D8B00B00409E34 /* FontAwesome.otf in Resources */ = {isa = PBXBuildFile; fileRef = 6AC4EB6419D8B00B00409E34 /* FontAwesome.otf */; };
		6AC4EB7219D8C22B00409E34 /* bg_iPhone6Plus@2x.png in Resources */ = {isa = PBXBuildFile; fileRef = 6AC4EB6E19D8C22B00409E34 /* bg_iPhone6Plus@2x.png */; };
		6AC4EB7319D8C22B00409E34 /* bg_iPhone4@2x.png in Resources */ = {isa = PBXBuildFile; fileRef = 6AC4EB6F19D8C22B00409E34 /* bg_iPhone4@2x.png */; };
		6AC4EB7419D8C22B00409E34 /* bg_iPhone5@2x.png in Resources */ = {isa = PBXBuildFile; fileRef = 6AC4EB7019D8C22B00409E34 /* bg_iPhone5@2x.png */; };
		6AC4EB7519D8C22B00409E34 /* bg_iPhone6@2x.png in Resources */ = {isa = PBXBuildFile; fileRef = 6AC4EB7119D8C22B00409E34 /* bg_iPhone6@2x.png */; };
		6AC4EB7E19D9036A00409E34 /* SettingsTableViewController.m in Sources */ = {isa = PBXBuildFile; fileRef = 6AC4EB7C19D9036A00409E34 /* SettingsTableViewController.m */; };
		6AC4EB7F19D9036A00409E34 /* SettingsTableViewController.xib in Resources */ = {isa = PBXBuildFile; fileRef = 6AC4EB7D19D9036A00409E34 /* SettingsTableViewController.xib */; };
		6AC4EB8219D90F9000409E34 /* WebViewController.m in Sources */ = {isa = PBXBuildFile; fileRef = 6AC4EB8119D90F9000409E34 /* WebViewController.m */; };
		6AD324631A8DC70400C115A5 /* InstagramActivity.m in Sources */ = {isa = PBXBuildFile; fileRef = 6AD324621A8DC70400C115A5 /* InstagramActivity.m */; };
		6AEB15F41ABA503400B497BC /* UIImage+Resize.m in Sources */ = {isa = PBXBuildFile; fileRef = 6AEB15DF1ABA503400B497BC /* UIImage+Resize.m */; };
		6AF1255B19D7467F00E2905F /* Images.xcassets in Resources */ = {isa = PBXBuildFile; fileRef = 6AF1255A19D7467F00E2905F /* Images.xcassets */; };
		6DD8DC1322BC05F300F46261 /* GoogleService-Info.plist in Resources */ = {isa = PBXBuildFile; fileRef = 6DD8DC1222BC05F300F46261 /* GoogleService-Info.plist */; };
		89BA00EC22A995FE0046C17C /* ALAssetsLibrary+CSNAdditions.m in Sources */ = {isa = PBXBuildFile; fileRef = 89BA00EB22A995FE0046C17C /* ALAssetsLibrary+CSNAdditions.m */; };
		9312B5F412A8C12000A3FBFB /* frame.png in Resources */ = {isa = PBXBuildFile; fileRef = 9312B5EB12A8C12000A3FBFB /* frame.png */; };
		9321E54712891031001EC80F /* ShakeItPhotoImageProcessor.mm in Sources */ = {isa = PBXBuildFile; fileRef = 9321E54612891031001EC80F /* ShakeItPhotoImageProcessor.mm */; };
		9326E01B13E87C710087542A /* green.jpg in Resources */ = {isa = PBXBuildFile; fileRef = 9326E01513E87C710087542A /* green.jpg */; };
		9326E01C13E87C710087542A /* blue.jpg in Resources */ = {isa = PBXBuildFile; fileRef = 9326E01613E87C710087542A /* blue.jpg */; };
		9340F96213101A7600FF756E /* MadeinPolaroid.png in Resources */ = {isa = PBXBuildFile; fileRef = 9340F96113101A7600FF756E /* MadeinPolaroid.png */; };
		93418A1712976B9F00538E80 /* welcome_screen.png in Resources */ = {isa = PBXBuildFile; fileRef = 93418A1512976B9F00538E80 /* welcome_screen.png */; };
		93418A1812976B9F00538E80 /* welcome_screen@2x.png in Resources */ = {isa = PBXBuildFile; fileRef = 93418A1612976B9F00538E80 /* welcome_screen@2x.png */; };
		9343212E12852FCC002FFB39 /* AssetsLibrary.framework in Frameworks */ = {isa = PBXBuildFile; fileRef = 9343212812852FCC002FFB39 /* AssetsLibrary.framework */; settings = {ATTRIBUTES = (Weak, ); }; };
		9343212F12852FCC002FFB39 /* AudioToolbox.framework in Frameworks */ = {isa = PBXBuildFile; fileRef = 9343212912852FCC002FFB39 /* AudioToolbox.framework */; };
		9343213112852FCC002FFB39 /* CoreLocation.framework in Frameworks */ = {isa = PBXBuildFile; fileRef = 9343212B12852FCC002FFB39 /* CoreLocation.framework */; settings = {ATTRIBUTES = (Weak, ); }; };
		9343213212852FCC002FFB39 /* CoreMedia.framework in Frameworks */ = {isa = PBXBuildFile; fileRef = 9343212C12852FCC002FFB39 /* CoreMedia.framework */; settings = {ATTRIBUTES = (Weak, ); }; };
		9343213312852FCC002FFB39 /* QuartzCore.framework in Frameworks */ = {isa = PBXBuildFile; fileRef = 9343212D12852FCC002FFB39 /* QuartzCore.framework */; };
		934321DC12853379002FFB39 /* BananaCameraAppDelegate.m in Sources */ = {isa = PBXBuildFile; fileRef = 934321D812853379002FFB39 /* BananaCameraAppDelegate.m */; };
		934321DD12853379002FFB39 /* BananaCameraViewController.m in Sources */ = {isa = PBXBuildFile; fileRef = 934321DA12853379002FFB39 /* BananaCameraViewController.m */; };
		934321DE12853379002FFB39 /* main.m in Sources */ = {isa = PBXBuildFile; fileRef = 934321DB12853379002FFB39 /* main.m */; };
		934321E612853387002FFB39 /* ShakeItPhotoMainWindow.xib in Resources */ = {isa = PBXBuildFile; fileRef = 934321E312853387002FFB39 /* ShakeItPhotoMainWindow.xib */; };
		934321E712853387002FFB39 /* ShakeItPhotoViewController.xib in Resources */ = {isa = PBXBuildFile; fileRef = 934321E412853387002FFB39 /* ShakeItPhotoViewController.xib */; };
		934321F712853449002FFB39 /* ShakeItPhotoAppDelegate.m in Sources */ = {isa = PBXBuildFile; fileRef = 934321F412853449002FFB39 /* ShakeItPhotoAppDelegate.m */; };
		934321F812853449002FFB39 /* ShakeItPhotoViewController.m in Sources */ = {isa = PBXBuildFile; fileRef = 934321F612853449002FFB39 /* ShakeItPhotoViewController.m */; };
		93488C841289F90400E90B20 /* iTunesArtwork in Resources */ = {isa = PBXBuildFile; fileRef = 93488C7D1289F90400E90B20 /* iTunesArtwork */; };
		935E465F134199AD0009CD93 /* frame_polaroid.png in Resources */ = {isa = PBXBuildFile; fileRef = 935E465C134199AD0009CD93 /* frame_polaroid.png */; };
		937641E012AAB68300619899 /* preview_polaroid.png in Resources */ = {isa = PBXBuildFile; fileRef = 937641DB12AAB68300619899 /* preview_polaroid.png */; };
		937641E112AAB68300619899 /* preview_polaroid@2x.png in Resources */ = {isa = PBXBuildFile; fileRef = 937641DC12AAB68300619899 /* preview_polaroid@2x.png */; };
		937C2598128539AB00D660AA /* polaroid_eject_effect.aif in Resources */ = {isa = PBXBuildFile; fileRef = 937C2597128539AB00D660AA /* polaroid_eject_effect.aif */; };
		937C259A128539C800D660AA /* shakeitphoto.acv in Resources */ = {isa = PBXBuildFile; fileRef = 937C2599128539C800D660AA /* shakeitphoto.acv */; };
		937C25AF12853A7B00D660AA /* BananaCameraImage.mm in Sources */ = {isa = PBXBuildFile; fileRef = 937C25AA12853A7B00D660AA /* BananaCameraImage.mm */; };
		937C25B012853A7B00D660AA /* BananaCameraImageCurve.mm in Sources */ = {isa = PBXBuildFile; fileRef = 937C25AC12853A7B00D660AA /* BananaCameraImageCurve.mm */; };
		937C25B112853A7B00D660AA /* BananaCameraUtilities.mm in Sources */ = {isa = PBXBuildFile; fileRef = 937C25AE12853A7B00D660AA /* BananaCameraUtilities.mm */; };
		937C25DC12853C8500D660AA /* BananaCameraGrowlView.mm in Sources */ = {isa = PBXBuildFile; fileRef = 937C25D712853C8500D660AA /* BananaCameraGrowlView.mm */; };
		937C25DD12853C8500D660AA /* CALayer_Additions.mm in Sources */ = {isa = PBXBuildFile; fileRef = 937C25D912853C8500D660AA /* CALayer_Additions.mm */; };
		937C25DE12853C8500D660AA /* NSNotificationCenter_Additions.mm in Sources */ = {isa = PBXBuildFile; fileRef = 937C25DB12853C8500D660AA /* NSNotificationCenter_Additions.mm */; };
		937C25E612853CF800D660AA /* BananaCameraSoundEffect.m in Sources */ = {isa = PBXBuildFile; fileRef = 937C25E512853CF800D660AA /* BananaCameraSoundEffect.m */; };
		937C2654128540D000D660AA /* BananaCameraConstants.mm in Sources */ = {isa = PBXBuildFile; fileRef = 937C2653128540D000D660AA /* BananaCameraConstants.mm */; };
		937C26B41285946000D660AA /* MessageUI.framework in Frameworks */ = {isa = PBXBuildFile; fileRef = 937C26B31285946000D660AA /* MessageUI.framework */; };
		937C27621285B6B100D660AA /* ShakeItPhotoConstants.mm in Sources */ = {isa = PBXBuildFile; fileRef = 937C27611285B6B100D660AA /* ShakeItPhotoConstants.mm */; };
		937C27B11285EFFC00D660AA /* film.png in Resources */ = {isa = PBXBuildFile; fileRef = 937C27A51285EFFC00D660AA /* film.png */; };
		937C27B21285EFFC00D660AA /* film@2x.png in Resources */ = {isa = PBXBuildFile; fileRef = 937C27A61285EFFC00D660AA /* film@2x.png */; };
		937C27C51285F9DB00D660AA /* preview.png in Resources */ = {isa = PBXBuildFile; fileRef = 937C27C31285F9DB00D660AA /* preview.png */; };
		937C27C61285F9DB00D660AA /* preview@2x.png in Resources */ = {isa = PBXBuildFile; fileRef = 937C27C41285F9DB00D660AA /* preview@2x.png */; };
		939EE6B61338DA920079B253 /* MadeinPolaroid@2x.png in Resources */ = {isa = PBXBuildFile; fileRef = 939EE6B51338DA920079B253 /* MadeinPolaroid@2x.png */; };
		93D764821290E36E00BD26DC /* UIImage+Alpha.m in Sources */ = {isa = PBXBuildFile; fileRef = 93D7647F1290E36E00BD26DC /* UIImage+Alpha.m */; };
		93D764831290E36E00BD26DC /* UIImage+RoundedCorner.m in Sources */ = {isa = PBXBuildFile; fileRef = 93D764811290E36E00BD26DC /* UIImage+RoundedCorner.m */; };
		93E593A713160AC00085345E /* RoundedRectView.mm in Sources */ = {isa = PBXBuildFile; fileRef = 93E593A613160AC00085345E /* RoundedRectView.mm */; };
		93F5FC0212EFED6D0090853B /* info.png in Resources */ = {isa = PBXBuildFile; fileRef = 93F5FC0112EFED6D0090853B /* info.png */; };
		93F5FC0512EFED800090853B /* pickphoto.png in Resources */ = {isa = PBXBuildFile; fileRef = 93F5FC0412EFED800090853B /* pickphoto.png */; };
		93F5FC0812EFEDF70090853B /* info@2x.png in Resources */ = {isa = PBXBuildFile; fileRef = 93F5FC0712EFEDF70090853B /* info@2x.png */; };
/* End PBXBuildFile section */

/* Begin PBXFileReference section */
		1D30AB110D05D00D00671497 /* Foundation.framework */ = {isa = PBXFileReference; lastKnownFileType = wrapper.framework; name = Foundation.framework; path = System/Library/Frameworks/Foundation.framework; sourceTree = SDKROOT; };
		1D6058910D05DD3D006BFB54 /* ShakeItPhoto.app */ = {isa = PBXFileReference; explicitFileType = wrapper.application; includeInIndex = 0; path = ShakeItPhoto.app; sourceTree = BUILT_PRODUCTS_DIR; };
		1DF5F4DF0D08C38300B7A737 /* UIKit.framework */ = {isa = PBXFileReference; lastKnownFileType = wrapper.framework; name = UIKit.framework; path = System/Library/Frameworks/UIKit.framework; sourceTree = SDKROOT; };
		288765A40DF7441C002DB57D /* CoreGraphics.framework */ = {isa = PBXFileReference; lastKnownFileType = wrapper.framework; name = CoreGraphics.framework; path = System/Library/Frameworks/CoreGraphics.framework; sourceTree = SDKROOT; };
		2F230563246D005700291AC7 /* LaunchScreen.storyboard */ = {isa = PBXFileReference; lastKnownFileType = file.storyboard; path = LaunchScreen.storyboard; sourceTree = "<group>"; };
		2FF0ED74246D04F3006B4A1B /* bg_iPhoneXSmax.png */ = {isa = PBXFileReference; lastKnownFileType = image.png; name = bg_iPhoneXSmax.png; path = ShakeItPhoto/Images.xcassets/LaunchImage.launchimage/bg_iPhoneXSmax.png; sourceTree = "<group>"; };
		2FF0ED78246D0643006B4A1B /* bg_iPhoneXR.png */ = {isa = PBXFileReference; lastKnownFileType = image.png; name = bg_iPhoneXR.png; path = ShakeItPhoto/Images.xcassets/LaunchImage.launchimage/bg_iPhoneXR.png; sourceTree = "<group>"; };
		33EF086C1B12B8A0C5EA9263 /* Pods-ShakeItPhoto.distribution.xcconfig */ = {isa = PBXFileReference; includeInIndex = 1; lastKnownFileType = text.xcconfig; name = "Pods-ShakeItPhoto.distribution.xcconfig"; path = "Target Support Files/Pods-ShakeItPhoto/Pods-ShakeItPhoto.distribution.xcconfig"; sourceTree = "<group>"; };
		5EE0EA5F7F356CACDBD88F0C /* Pods-ShakeItPhoto.shakeitphoto_distribution.xcconfig */ = {isa = PBXFileReference; includeInIndex = 1; lastKnownFileType = text.xcconfig; name = "Pods-ShakeItPhoto.shakeitphoto_distribution.xcconfig"; path = "Target Support Files/Pods-ShakeItPhoto/Pods-ShakeItPhoto.shakeitphoto_distribution.xcconfig"; sourceTree = "<group>"; };
		69881A8EA37AB4BD6D384781 /* Pods-ShakeItPhoto.debug.xcconfig */ = {isa = PBXFileReference; includeInIndex = 1; lastKnownFileType = text.xcconfig; name = "Pods-ShakeItPhoto.debug.xcconfig"; path = "Target Support Files/Pods-ShakeItPhoto/Pods-ShakeItPhoto.debug.xcconfig"; sourceTree = "<group>"; };
		6AC4EB6419D8B00B00409E34 /* FontAwesome.otf */ = {isa = PBXFileReference; lastKnownFileType = file; path = FontAwesome.otf; sourceTree = "<group>"; };
		6AC4EB6E19D8C22B00409E34 /* bg_iPhone6Plus@2x.png */ = {isa = PBXFileReference; lastKnownFileType = image.png; path = "bg_iPhone6Plus@2x.png"; sourceTree = "<group>"; };
		6AC4EB6F19D8C22B00409E34 /* bg_iPhone4@2x.png */ = {isa = PBXFileReference; lastKnownFileType = image.png; path = "bg_iPhone4@2x.png"; sourceTree = "<group>"; };
		6AC4EB7019D8C22B00409E34 /* bg_iPhone5@2x.png */ = {isa = PBXFileReference; lastKnownFileType = image.png; path = "bg_iPhone5@2x.png"; sourceTree = "<group>"; };
		6AC4EB7119D8C22B00409E34 /* bg_iPhone6@2x.png */ = {isa = PBXFileReference; lastKnownFileType = image.png; path = "bg_iPhone6@2x.png"; sourceTree = "<group>"; };
		6AC4EB7B19D9036A00409E34 /* SettingsTableViewController.h */ = {isa = PBXFileReference; fileEncoding = 4; lastKnownFileType = sourcecode.c.h; name = SettingsTableViewController.h; path = ShakeItPhoto/SettingsTableViewController.h; sourceTree = "<group>"; };
		6AC4EB7C19D9036A00409E34 /* SettingsTableViewController.m */ = {isa = PBXFileReference; fileEncoding = 4; lastKnownFileType = sourcecode.c.objc; name = SettingsTableViewController.m; path = ShakeItPhoto/SettingsTableViewController.m; sourceTree = "<group>"; };
		6AC4EB7D19D9036A00409E34 /* SettingsTableViewController.xib */ = {isa = PBXFileReference; fileEncoding = 4; lastKnownFileType = file.xib; name = SettingsTableViewController.xib; path = ShakeItPhoto/SettingsTableViewController.xib; sourceTree = "<group>"; };
		6AC4EB8019D90F9000409E34 /* WebViewController.h */ = {isa = PBXFileReference; fileEncoding = 4; lastKnownFileType = sourcecode.c.h; name = WebViewController.h; path = ShakeItPhoto/WebViewController.h; sourceTree = "<group>"; };
		6AC4EB8119D90F9000409E34 /* WebViewController.m */ = {isa = PBXFileReference; fileEncoding = 4; lastKnownFileType = sourcecode.c.objc; name = WebViewController.m; path = ShakeItPhoto/WebViewController.m; sourceTree = "<group>"; };
		6AD324611A8DC70400C115A5 /* InstagramActivity.h */ = {isa = PBXFileReference; fileEncoding = 4; lastKnownFileType = sourcecode.c.h; name = InstagramActivity.h; path = ShakeItPhoto/InstagramActivity.h; sourceTree = "<group>"; };
		6AD324621A8DC70400C115A5 /* InstagramActivity.m */ = {isa = PBXFileReference; fileEncoding = 4; lastKnownFileType = sourcecode.c.objc; name = InstagramActivity.m; path = ShakeItPhoto/InstagramActivity.m; sourceTree = "<group>"; };
		6AEB15DE1ABA503400B497BC /* UIImage+Resize.h */ = {isa = PBXFileReference; fileEncoding = 4; lastKnownFileType = sourcecode.c.h; name = "UIImage+Resize.h"; path = "Vendor/SCCaptureCamera/SCCaptureCamera/UIImage+Resize.h"; sourceTree = "<group>"; };
		6AEB15DF1ABA503400B497BC /* UIImage+Resize.m */ = {isa = PBXFileReference; fileEncoding = 4; lastKnownFileType = sourcecode.c.objc; name = "UIImage+Resize.m"; path = "Vendor/SCCaptureCamera/SCCaptureCamera/UIImage+Resize.m"; sourceTree = "<group>"; };
		6AF1255A19D7467F00E2905F /* Images.xcassets */ = {isa = PBXFileReference; lastKnownFileType = folder.assetcatalog; name = Images.xcassets; path = ShakeItPhoto/Images.xcassets; sourceTree = "<group>"; };
		6DD8DC1222BC05F300F46261 /* GoogleService-Info.plist */ = {isa = PBXFileReference; fileEncoding = 4; lastKnownFileType = text.plist.xml; path = "GoogleService-Info.plist"; sourceTree = "<group>"; };
		6E73C50128138453542FE24D /* Pods-ShakeItPhoto.release.xcconfig */ = {isa = PBXFileReference; includeInIndex = 1; lastKnownFileType = text.xcconfig; name = "Pods-ShakeItPhoto.release.xcconfig"; path = "Target Support Files/Pods-ShakeItPhoto/Pods-ShakeItPhoto.release.xcconfig"; sourceTree = "<group>"; };
		78158BC91D086FBF005FD10A /* todo.md */ = {isa = PBXFileReference; lastKnownFileType = net.daringfireball.markdown; path = todo.md; sourceTree = "<group>"; };
		89BA00EA22A995FE0046C17C /* ALAssetsLibrary+CSNAdditions.h */ = {isa = PBXFileReference; fileEncoding = 4; lastKnownFileType = sourcecode.c.h; name = "ALAssetsLibrary+CSNAdditions.h"; path = "ShakeItPhoto/ALAssetsLibrary+CSNAdditions.h"; sourceTree = "<group>"; };
		89BA00EB22A995FE0046C17C /* ALAssetsLibrary+CSNAdditions.m */ = {isa = PBXFileReference; fileEncoding = 4; lastKnownFileType = sourcecode.c.objc; name = "ALAssetsLibrary+CSNAdditions.m"; path = "ShakeItPhoto/ALAssetsLibrary+CSNAdditions.m"; sourceTree = "<group>"; };
		930E05FE13E8AB4600F49FF5 /* preview@2x.png */ = {isa = PBXFileReference; lastKnownFileType = image.png; name = "preview@2x.png"; path = "ShakeItPhoto/preview@2x.png"; sourceTree = "<group>"; };
		9312B5EB12A8C12000A3FBFB /* frame.png */ = {isa = PBXFileReference; lastKnownFileType = image.png; name = frame.png; path = ShakeItPhoto/frame.png; sourceTree = "<group>"; };
		9321E54512891031001EC80F /* ShakeItPhotoImageProcessor.h */ = {isa = PBXFileReference; fileEncoding = 4; lastKnownFileType = sourcecode.c.h; name = ShakeItPhotoImageProcessor.h; path = ShakeItPhoto/ShakeItPhotoImageProcessor.h; sourceTree = "<group>"; };
		9321E54612891031001EC80F /* ShakeItPhotoImageProcessor.mm */ = {isa = PBXFileReference; fileEncoding = 4; lastKnownFileType = sourcecode.cpp.objcpp; name = ShakeItPhotoImageProcessor.mm; path = ShakeItPhoto/ShakeItPhotoImageProcessor.mm; sourceTree = "<group>"; };
		9326E01513E87C710087542A /* green.jpg */ = {isa = PBXFileReference; lastKnownFileType = image.jpeg; name = green.jpg; path = ShakeItPhoto/green.jpg; sourceTree = "<group>"; };
		9326E01613E87C710087542A /* blue.jpg */ = {isa = PBXFileReference; lastKnownFileType = image.jpeg; name = blue.jpg; path = ShakeItPhoto/blue.jpg; sourceTree = "<group>"; };
		9340F96113101A7600FF756E /* MadeinPolaroid.png */ = {isa = PBXFileReference; lastKnownFileType = image.png; name = MadeinPolaroid.png; path = ShakeItPhoto/MadeinPolaroid.png; sourceTree = "<group>"; };
		93418A1512976B9F00538E80 /* welcome_screen.png */ = {isa = PBXFileReference; lastKnownFileType = image.png; name = welcome_screen.png; path = ShakeItPhoto/welcome_screen.png; sourceTree = "<group>"; };
		93418A1612976B9F00538E80 /* welcome_screen@2x.png */ = {isa = PBXFileReference; lastKnownFileType = image.png; name = "welcome_screen@2x.png"; path = "ShakeItPhoto/welcome_screen@2x.png"; sourceTree = "<group>"; };
		9343212812852FCC002FFB39 /* AssetsLibrary.framework */ = {isa = PBXFileReference; lastKnownFileType = wrapper.framework; name = AssetsLibrary.framework; path = System/Library/Frameworks/AssetsLibrary.framework; sourceTree = SDKROOT; };
		9343212912852FCC002FFB39 /* AudioToolbox.framework */ = {isa = PBXFileReference; lastKnownFileType = wrapper.framework; name = AudioToolbox.framework; path = System/Library/Frameworks/AudioToolbox.framework; sourceTree = SDKROOT; };
		9343212A12852FCC002FFB39 /* CoreGraphics.framework */ = {isa = PBXFileReference; lastKnownFileType = wrapper.framework; name = CoreGraphics.framework; path = System/Library/Frameworks/CoreGraphics.framework; sourceTree = SDKROOT; };
		9343212B12852FCC002FFB39 /* CoreLocation.framework */ = {isa = PBXFileReference; lastKnownFileType = wrapper.framework; name = CoreLocation.framework; path = System/Library/Frameworks/CoreLocation.framework; sourceTree = SDKROOT; };
		9343212C12852FCC002FFB39 /* CoreMedia.framework */ = {isa = PBXFileReference; lastKnownFileType = wrapper.framework; name = CoreMedia.framework; path = System/Library/Frameworks/CoreMedia.framework; sourceTree = SDKROOT; };
		9343212D12852FCC002FFB39 /* QuartzCore.framework */ = {isa = PBXFileReference; lastKnownFileType = wrapper.framework; name = QuartzCore.framework; path = System/Library/Frameworks/QuartzCore.framework; sourceTree = SDKROOT; };
		934321D612853379002FFB39 /* ShakeItPhoto_Prefix.pch */ = {isa = PBXFileReference; fileEncoding = 4; lastKnownFileType = sourcecode.c.h; name = ShakeItPhoto_Prefix.pch; path = Shared/ShakeItPhoto_Prefix.pch; sourceTree = "<group>"; };
		934321D712853379002FFB39 /* BananaCameraAppDelegate.h */ = {isa = PBXFileReference; fileEncoding = 4; lastKnownFileType = sourcecode.c.h; name = BananaCameraAppDelegate.h; path = Shared/BananaCameraAppDelegate.h; sourceTree = "<group>"; };
		934321D812853379002FFB39 /* BananaCameraAppDelegate.m */ = {isa = PBXFileReference; fileEncoding = 4; lastKnownFileType = sourcecode.c.objc; name = BananaCameraAppDelegate.m; path = Shared/BananaCameraAppDelegate.m; sourceTree = "<group>"; };
		934321D912853379002FFB39 /* BananaCameraViewController.h */ = {isa = PBXFileReference; fileEncoding = 4; lastKnownFileType = sourcecode.c.h; name = BananaCameraViewController.h; path = Shared/BananaCameraViewController.h; sourceTree = "<group>"; };
		934321DA12853379002FFB39 /* BananaCameraViewController.m */ = {isa = PBXFileReference; fileEncoding = 4; lastKnownFileType = sourcecode.c.objc; name = BananaCameraViewController.m; path = Shared/BananaCameraViewController.m; sourceTree = "<group>"; };
		934321DB12853379002FFB39 /* main.m */ = {isa = PBXFileReference; fileEncoding = 4; lastKnownFileType = sourcecode.c.objc; name = main.m; path = Shared/main.m; sourceTree = "<group>"; };
		934321E212853387002FFB39 /* ShakeItPhoto-Info.plist */ = {isa = PBXFileReference; fileEncoding = 4; lastKnownFileType = text.plist.xml; name = "ShakeItPhoto-Info.plist"; path = "ShakeItPhoto/ShakeItPhoto-Info.plist"; sourceTree = "<group>"; };
		934321E312853387002FFB39 /* ShakeItPhotoMainWindow.xib */ = {isa = PBXFileReference; lastKnownFileType = file.xib; name = ShakeItPhotoMainWindow.xib; path = ShakeItPhoto/ShakeItPhotoMainWindow.xib; sourceTree = "<group>"; };
		934321E412853387002FFB39 /* ShakeItPhotoViewController.xib */ = {isa = PBXFileReference; lastKnownFileType = file.xib; name = ShakeItPhotoViewController.xib; path = ShakeItPhoto/ShakeItPhotoViewController.xib; sourceTree = "<group>"; };
		934321F312853449002FFB39 /* ShakeItPhotoAppDelegate.h */ = {isa = PBXFileReference; fileEncoding = 4; lastKnownFileType = sourcecode.c.h; name = ShakeItPhotoAppDelegate.h; path = ShakeItPhoto/ShakeItPhotoAppDelegate.h; sourceTree = "<group>"; };
		934321F412853449002FFB39 /* ShakeItPhotoAppDelegate.m */ = {isa = PBXFileReference; fileEncoding = 4; lastKnownFileType = sourcecode.c.objc; name = ShakeItPhotoAppDelegate.m; path = ShakeItPhoto/ShakeItPhotoAppDelegate.m; sourceTree = "<group>"; };
		934321F512853449002FFB39 /* ShakeItPhotoViewController.h */ = {isa = PBXFileReference; fileEncoding = 4; lastKnownFileType = sourcecode.c.h; name = ShakeItPhotoViewController.h; path = ShakeItPhoto/ShakeItPhotoViewController.h; sourceTree = "<group>"; };
		934321F612853449002FFB39 /* ShakeItPhotoViewController.m */ = {isa = PBXFileReference; fileEncoding = 4; lastKnownFileType = sourcecode.c.objc; name = ShakeItPhotoViewController.m; path = ShakeItPhoto/ShakeItPhotoViewController.m; sourceTree = "<group>"; };
		93488C7D1289F90400E90B20 /* iTunesArtwork */ = {isa = PBXFileReference; lastKnownFileType = file; name = iTunesArtwork; path = ShakeItPhoto/iTunesArtwork; sourceTree = "<group>"; };
		935E465C134199AD0009CD93 /* frame_polaroid.png */ = {isa = PBXFileReference; lastKnownFileType = image.png; name = frame_polaroid.png; path = ShakeItPhoto/frame_polaroid.png; sourceTree = "<group>"; };
		937641DB12AAB68300619899 /* preview_polaroid.png */ = {isa = PBXFileReference; lastKnownFileType = image.png; name = preview_polaroid.png; path = ShakeItPhoto/preview_polaroid.png; sourceTree = "<group>"; };
		937641DC12AAB68300619899 /* preview_polaroid@2x.png */ = {isa = PBXFileReference; lastKnownFileType = image.png; name = "preview_polaroid@2x.png"; path = "ShakeItPhoto/preview_polaroid@2x.png"; sourceTree = "<group>"; };
		937C2597128539AB00D660AA /* polaroid_eject_effect.aif */ = {isa = PBXFileReference; lastKnownFileType = file; name = polaroid_eject_effect.aif; path = ShakeItPhoto/polaroid_eject_effect.aif; sourceTree = "<group>"; };
		937C2599128539C800D660AA /* shakeitphoto.acv */ = {isa = PBXFileReference; lastKnownFileType = file; name = shakeitphoto.acv; path = ShakeItPhoto/shakeitphoto.acv; sourceTree = "<group>"; };
		937C25A912853A7B00D660AA /* BananaCameraImage.h */ = {isa = PBXFileReference; fileEncoding = 4; lastKnownFileType = sourcecode.c.h; name = BananaCameraImage.h; path = Shared/BananaCameraImage.h; sourceTree = "<group>"; };
		937C25AA12853A7B00D660AA /* BananaCameraImage.mm */ = {isa = PBXFileReference; fileEncoding = 4; lastKnownFileType = sourcecode.cpp.objcpp; name = BananaCameraImage.mm; path = Shared/BananaCameraImage.mm; sourceTree = "<group>"; };
		937C25AB12853A7B00D660AA /* BananaCameraImageCurve.h */ = {isa = PBXFileReference; fileEncoding = 4; lastKnownFileType = sourcecode.c.h; name = BananaCameraImageCurve.h; path = Shared/BananaCameraImageCurve.h; sourceTree = "<group>"; };
		937C25AC12853A7B00D660AA /* BananaCameraImageCurve.mm */ = {isa = PBXFileReference; fileEncoding = 4; lastKnownFileType = sourcecode.cpp.objcpp; name = BananaCameraImageCurve.mm; path = Shared/BananaCameraImageCurve.mm; sourceTree = "<group>"; };
		937C25AD12853A7B00D660AA /* BananaCameraUtilities.h */ = {isa = PBXFileReference; fileEncoding = 4; lastKnownFileType = sourcecode.c.h; name = BananaCameraUtilities.h; path = Shared/BananaCameraUtilities.h; sourceTree = "<group>"; };
		937C25AE12853A7B00D660AA /* BananaCameraUtilities.mm */ = {isa = PBXFileReference; fileEncoding = 4; lastKnownFileType = sourcecode.cpp.objcpp; name = BananaCameraUtilities.mm; path = Shared/BananaCameraUtilities.mm; sourceTree = "<group>"; };
		937C25D612853C8500D660AA /* BananaCameraGrowlView.h */ = {isa = PBXFileReference; fileEncoding = 4; lastKnownFileType = sourcecode.c.h; name = BananaCameraGrowlView.h; path = Shared/BananaCameraGrowlView.h; sourceTree = "<group>"; };
		937C25D712853C8500D660AA /* BananaCameraGrowlView.mm */ = {isa = PBXFileReference; fileEncoding = 4; lastKnownFileType = sourcecode.cpp.objcpp; name = BananaCameraGrowlView.mm; path = Shared/BananaCameraGrowlView.mm; sourceTree = "<group>"; };
		937C25D812853C8500D660AA /* CALayer_Additions.h */ = {isa = PBXFileReference; fileEncoding = 4; lastKnownFileType = sourcecode.c.h; name = CALayer_Additions.h; path = Shared/CALayer_Additions.h; sourceTree = "<group>"; };
		937C25D912853C8500D660AA /* CALayer_Additions.mm */ = {isa = PBXFileReference; fileEncoding = 4; lastKnownFileType = sourcecode.cpp.objcpp; name = CALayer_Additions.mm; path = Shared/CALayer_Additions.mm; sourceTree = "<group>"; };
		937C25DA12853C8500D660AA /* NSNotificationCenter_Additions.h */ = {isa = PBXFileReference; fileEncoding = 4; lastKnownFileType = sourcecode.c.h; name = NSNotificationCenter_Additions.h; path = Shared/NSNotificationCenter_Additions.h; sourceTree = "<group>"; };
		937C25DB12853C8500D660AA /* NSNotificationCenter_Additions.mm */ = {isa = PBXFileReference; fileEncoding = 4; lastKnownFileType = sourcecode.cpp.objcpp; name = NSNotificationCenter_Additions.mm; path = Shared/NSNotificationCenter_Additions.mm; sourceTree = "<group>"; };
		937C25E412853CF800D660AA /* BananaCameraSoundEffect.h */ = {isa = PBXFileReference; fileEncoding = 4; lastKnownFileType = sourcecode.c.h; name = BananaCameraSoundEffect.h; path = Shared/BananaCameraSoundEffect.h; sourceTree = "<group>"; };
		937C25E512853CF800D660AA /* BananaCameraSoundEffect.m */ = {isa = PBXFileReference; fileEncoding = 4; lastKnownFileType = sourcecode.c.objc; name = BananaCameraSoundEffect.m; path = Shared/BananaCameraSoundEffect.m; sourceTree = "<group>"; };
		937C2652128540D000D660AA /* BananaCameraConstants.h */ = {isa = PBXFileReference; fileEncoding = 4; lastKnownFileType = sourcecode.c.h; name = BananaCameraConstants.h; path = Shared/BananaCameraConstants.h; sourceTree = "<group>"; };
		937C2653128540D000D660AA /* BananaCameraConstants.mm */ = {isa = PBXFileReference; fileEncoding = 4; lastKnownFileType = sourcecode.cpp.objcpp; name = BananaCameraConstants.mm; path = Shared/BananaCameraConstants.mm; sourceTree = "<group>"; };
		937C26B31285946000D660AA /* MessageUI.framework */ = {isa = PBXFileReference; lastKnownFileType = wrapper.framework; name = MessageUI.framework; path = System/Library/Frameworks/MessageUI.framework; sourceTree = SDKROOT; };
		937C27601285B6B100D660AA /* ShakeItPhotoConstants.h */ = {isa = PBXFileReference; fileEncoding = 4; lastKnownFileType = sourcecode.c.h; name = ShakeItPhotoConstants.h; path = ShakeItPhoto/ShakeItPhotoConstants.h; sourceTree = "<group>"; };
		937C27611285B6B100D660AA /* ShakeItPhotoConstants.mm */ = {isa = PBXFileReference; fileEncoding = 4; lastKnownFileType = sourcecode.cpp.objcpp; name = ShakeItPhotoConstants.mm; path = ShakeItPhoto/ShakeItPhotoConstants.mm; sourceTree = "<group>"; };
		937C27A51285EFFC00D660AA /* film.png */ = {isa = PBXFileReference; lastKnownFileType = image.png; name = film.png; path = ShakeItPhoto/film.png; sourceTree = "<group>"; };
		937C27A61285EFFC00D660AA /* film@2x.png */ = {isa = PBXFileReference; lastKnownFileType = image.png; name = "film@2x.png"; path = "ShakeItPhoto/film@2x.png"; sourceTree = "<group>"; };
		937C27C31285F9DB00D660AA /* preview.png */ = {isa = PBXFileReference; lastKnownFileType = image.png; name = preview.png; path = ShakeItPhoto/preview.png; sourceTree = "<group>"; };
		937C27C41285F9DB00D660AA /* preview@2x.png */ = {isa = PBXFileReference; lastKnownFileType = image.png; name = "preview@2x.png"; path = "ShakeItPhoto/preview@2x.png"; sourceTree = "<group>"; };
		939EE6B51338DA920079B253 /* MadeinPolaroid@2x.png */ = {isa = PBXFileReference; lastKnownFileType = image.png; name = "MadeinPolaroid@2x.png"; path = "ShakeItPhoto/MadeinPolaroid@2x.png"; sourceTree = "<group>"; };
		93D7647E1290E36E00BD26DC /* UIImage+Alpha.h */ = {isa = PBXFileReference; fileEncoding = 4; lastKnownFileType = sourcecode.c.h; name = "UIImage+Alpha.h"; path = "Vendor/Other/UIImage+Alpha.h"; sourceTree = "<group>"; };
		93D7647F1290E36E00BD26DC /* UIImage+Alpha.m */ = {isa = PBXFileReference; fileEncoding = 4; lastKnownFileType = sourcecode.c.objc; name = "UIImage+Alpha.m"; path = "Vendor/Other/UIImage+Alpha.m"; sourceTree = "<group>"; };
		93D764801290E36E00BD26DC /* UIImage+RoundedCorner.h */ = {isa = PBXFileReference; fileEncoding = 4; lastKnownFileType = sourcecode.c.h; name = "UIImage+RoundedCorner.h"; path = "Vendor/Other/UIImage+RoundedCorner.h"; sourceTree = "<group>"; };
		93D764811290E36E00BD26DC /* UIImage+RoundedCorner.m */ = {isa = PBXFileReference; fileEncoding = 4; lastKnownFileType = sourcecode.c.objc; name = "UIImage+RoundedCorner.m"; path = "Vendor/Other/UIImage+RoundedCorner.m"; sourceTree = "<group>"; };
		93E593A513160AC00085345E /* RoundedRectView.h */ = {isa = PBXFileReference; fileEncoding = 4; lastKnownFileType = sourcecode.c.h; path = RoundedRectView.h; sourceTree = "<group>"; };
		93E593A613160AC00085345E /* RoundedRectView.mm */ = {isa = PBXFileReference; fileEncoding = 4; lastKnownFileType = sourcecode.cpp.objcpp; path = RoundedRectView.mm; sourceTree = "<group>"; };
		93F5FC0112EFED6D0090853B /* info.png */ = {isa = PBXFileReference; lastKnownFileType = image.png; name = info.png; path = Shared/info.png; sourceTree = "<group>"; };
		93F5FC0412EFED800090853B /* pickphoto.png */ = {isa = PBXFileReference; lastKnownFileType = image.png; name = pickphoto.png; path = Shared/pickphoto.png; sourceTree = "<group>"; };
		93F5FC0712EFEDF70090853B /* info@2x.png */ = {isa = PBXFileReference; lastKnownFileType = image.png; name = "info@2x.png"; path = "Shared/info@2x.png"; sourceTree = "<group>"; };
		AC0B5B14CE98FF412852DDBB /* Pods_ShakeItPhoto.framework */ = {isa = PBXFileReference; explicitFileType = wrapper.framework; includeInIndex = 0; path = Pods_ShakeItPhoto.framework; sourceTree = BUILT_PRODUCTS_DIR; };
/* End PBXFileReference section */

/* Begin PBXFrameworksBuildPhase section */
		1D60588F0D05DD3D006BFB54 /* Frameworks */ = {
			isa = PBXFrameworksBuildPhase;
			buildActionMask = 2147483647;
			files = (
				1D60589F0D05DD5A006BFB54 /* Foundation.framework in Frameworks */,
				1DF5F4E00D08C38300B7A737 /* UIKit.framework in Frameworks */,
				288765A50DF7441C002DB57D /* CoreGraphics.framework in Frameworks */,
				9343212E12852FCC002FFB39 /* AssetsLibrary.framework in Frameworks */,
				9343212F12852FCC002FFB39 /* AudioToolbox.framework in Frameworks */,
				9343213112852FCC002FFB39 /* CoreLocation.framework in Frameworks */,
				9343213212852FCC002FFB39 /* CoreMedia.framework in Frameworks */,
				9343213312852FCC002FFB39 /* QuartzCore.framework in Frameworks */,
				937C26B41285946000D660AA /* MessageUI.framework in Frameworks */,
				64535FB3F51FC6B61B74591A /* Pods_ShakeItPhoto.framework in Frameworks */,
			);
			runOnlyForDeploymentPostprocessing = 0;
		};
/* End PBXFrameworksBuildPhase section */

/* Begin PBXGroup section */
		19C28FACFE9D520D11CA2CBB /* Products */ = {
			isa = PBXGroup;
			children = (
				1D6058910D05DD3D006BFB54 /* ShakeItPhoto.app */,
			);
			name = Products;
			sourceTree = "<group>";
		};
		29B97314FDCFA39411CA2CEA = {
			isa = PBXGroup;
			children = (
				6DD8DC1222BC05F300F46261 /* GoogleService-Info.plist */,
				78158BC91D086FBF005FD10A /* todo.md */,
				934321F1128533BD002FFB39 /* Vendor */,
				934321F2128533C7002FFB39 /* Banana Camera */,
				934320C512852F03002FFB39 /* ShakeItPhoto */,
				29B97317FDCFA39411CA2CEA /* Resources */,
				29B97323FDCFA39411CA2CEA /* Frameworks */,
				19C28FACFE9D520D11CA2CBB /* Products */,
				96CE9A323DA5A680AD064706 /* Pods */,
			);
			name = CustomTemplate;
			sourceTree = "<group>";
		};
		29B97317FDCFA39411CA2CEA /* Resources */ = {
			isa = PBXGroup;
			children = (
				937C272C12859C4700D660AA /* Shared */,
				934320C912852F52002FFB39 /* ShakeItPhoto */,
			);
			name = Resources;
			sourceTree = "<group>";
		};
		29B97323FDCFA39411CA2CEA /* Frameworks */ = {
			isa = PBXGroup;
			children = (
				937C26B31285946000D660AA /* MessageUI.framework */,
				1DF5F4DF0D08C38300B7A737 /* UIKit.framework */,
				1D30AB110D05D00D00671497 /* Foundation.framework */,
				288765A40DF7441C002DB57D /* CoreGraphics.framework */,
				9343212812852FCC002FFB39 /* AssetsLibrary.framework */,
				9343212912852FCC002FFB39 /* AudioToolbox.framework */,
				9343212A12852FCC002FFB39 /* CoreGraphics.framework */,
				9343212B12852FCC002FFB39 /* CoreLocation.framework */,
				9343212C12852FCC002FFB39 /* CoreMedia.framework */,
				9343212D12852FCC002FFB39 /* QuartzCore.framework */,
				AC0B5B14CE98FF412852DDBB /* Pods_ShakeItPhoto.framework */,
			);
			name = Frameworks;
			sourceTree = "<group>";
		};
		6AD324601A8DC6C100C115A5 /* Instagram */ = {
			isa = PBXGroup;
			children = (
				6AD324611A8DC70400C115A5 /* InstagramActivity.h */,
				6AD324621A8DC70400C115A5 /* InstagramActivity.m */,
			);
			name = Instagram;
			sourceTree = "<group>";
		};
		89BA00ED22A998270046C17C /* ALAssetsLibrary */ = {
			isa = PBXGroup;
			children = (
				89BA00EA22A995FE0046C17C /* ALAssetsLibrary+CSNAdditions.h */,
				89BA00EB22A995FE0046C17C /* ALAssetsLibrary+CSNAdditions.m */,
			);
			name = ALAssetsLibrary;
			sourceTree = "<group>";
		};
		934320C512852F03002FFB39 /* ShakeItPhoto */ = {
			isa = PBXGroup;
			children = (
				934321F312853449002FFB39 /* ShakeItPhotoAppDelegate.h */,
				934321F412853449002FFB39 /* ShakeItPhotoAppDelegate.m */,
				934321F512853449002FFB39 /* ShakeItPhotoViewController.h */,
				934321F612853449002FFB39 /* ShakeItPhotoViewController.m */,
				9321E54512891031001EC80F /* ShakeItPhotoImageProcessor.h */,
				9321E54612891031001EC80F /* ShakeItPhotoImageProcessor.mm */,
				937C27601285B6B100D660AA /* ShakeItPhotoConstants.h */,
				937C27611285B6B100D660AA /* ShakeItPhotoConstants.mm */,
				93E593A513160AC00085345E /* RoundedRectView.h */,
				93E593A613160AC00085345E /* RoundedRectView.mm */,
				6AF1255A19D7467F00E2905F /* Images.xcassets */,
				6AC4EB7B19D9036A00409E34 /* SettingsTableViewController.h */,
				6AC4EB7C19D9036A00409E34 /* SettingsTableViewController.m */,
				6AC4EB7D19D9036A00409E34 /* SettingsTableViewController.xib */,
				6AC4EB8019D90F9000409E34 /* WebViewController.h */,
				6AC4EB8119D90F9000409E34 /* WebViewController.m */,
				2F230563246D005700291AC7 /* LaunchScreen.storyboard */,
			);
			name = ShakeItPhoto;
			sourceTree = "<group>";
		};
		934320C912852F52002FFB39 /* ShakeItPhoto */ = {
			isa = PBXGroup;
			children = (
				2FF0ED78246D0643006B4A1B /* bg_iPhoneXR.png */,
				2FF0ED74246D04F3006B4A1B /* bg_iPhoneXSmax.png */,
				934321E312853387002FFB39 /* ShakeItPhotoMainWindow.xib */,
				934321E412853387002FFB39 /* ShakeItPhotoViewController.xib */,
				6AC4EB6E19D8C22B00409E34 /* bg_iPhone6Plus@2x.png */,
				6AC4EB6F19D8C22B00409E34 /* bg_iPhone4@2x.png */,
				6AC4EB7019D8C22B00409E34 /* bg_iPhone5@2x.png */,
				6AC4EB7119D8C22B00409E34 /* bg_iPhone6@2x.png */,
				6AC4EB6419D8B00B00409E34 /* FontAwesome.otf */,
				930E05FE13E8AB4600F49FF5 /* preview@2x.png */,
				9312B5EB12A8C12000A3FBFB /* frame.png */,
				935E465C134199AD0009CD93 /* frame_polaroid.png */,
				93418A1512976B9F00538E80 /* welcome_screen.png */,
				93418A1612976B9F00538E80 /* welcome_screen@2x.png */,
				9326E01513E87C710087542A /* green.jpg */,
				9326E01613E87C710087542A /* blue.jpg */,
				93488C7D1289F90400E90B20 /* iTunesArtwork */,
				937C27C31285F9DB00D660AA /* preview.png */,
				937C27C41285F9DB00D660AA /* preview@2x.png */,
				937C27A51285EFFC00D660AA /* film.png */,
				937C27A61285EFFC00D660AA /* film@2x.png */,
				937C2599128539C800D660AA /* shakeitphoto.acv */,
				937C2597128539AB00D660AA /* polaroid_eject_effect.aif */,
				934321E212853387002FFB39 /* ShakeItPhoto-Info.plist */,
				937641DB12AAB68300619899 /* preview_polaroid.png */,
				937641DC12AAB68300619899 /* preview_polaroid@2x.png */,
				9340F96113101A7600FF756E /* MadeinPolaroid.png */,
				939EE6B51338DA920079B253 /* MadeinPolaroid@2x.png */,
			);
			name = ShakeItPhoto;
			sourceTree = "<group>";
		};
		934321F1128533BD002FFB39 /* Vendor */ = {
			isa = PBXGroup;
			children = (
				89BA00ED22A998270046C17C /* ALAssetsLibrary */,
				93D764661290E12300BD26DC /* UIImage */,
			);
			name = Vendor;
			sourceTree = "<group>";
		};
		934321F2128533C7002FFB39 /* Banana Camera */ = {
			isa = PBXGroup;
			children = (
				934321D712853379002FFB39 /* BananaCameraAppDelegate.h */,
				934321D812853379002FFB39 /* BananaCameraAppDelegate.m */,
				934321D912853379002FFB39 /* BananaCameraViewController.h */,
				934321DA12853379002FFB39 /* BananaCameraViewController.m */,
				6AD324601A8DC6C100C115A5 /* Instagram */,
				937C2652128540D000D660AA /* BananaCameraConstants.h */,
				937C2653128540D000D660AA /* BananaCameraConstants.mm */,
				937C25E412853CF800D660AA /* BananaCameraSoundEffect.h */,
				937C25E512853CF800D660AA /* BananaCameraSoundEffect.m */,
				937C25D612853C8500D660AA /* BananaCameraGrowlView.h */,
				937C25D712853C8500D660AA /* BananaCameraGrowlView.mm */,
				937C25D812853C8500D660AA /* CALayer_Additions.h */,
				937C25D912853C8500D660AA /* CALayer_Additions.mm */,
				937C25DA12853C8500D660AA /* NSNotificationCenter_Additions.h */,
				937C25DB12853C8500D660AA /* NSNotificationCenter_Additions.mm */,
				937C25A912853A7B00D660AA /* BananaCameraImage.h */,
				937C25AA12853A7B00D660AA /* BananaCameraImage.mm */,
				937C25AB12853A7B00D660AA /* BananaCameraImageCurve.h */,
				937C25AC12853A7B00D660AA /* BananaCameraImageCurve.mm */,
				937C25AD12853A7B00D660AA /* BananaCameraUtilities.h */,
				937C25AE12853A7B00D660AA /* BananaCameraUtilities.mm */,
				934321D612853379002FFB39 /* ShakeItPhoto_Prefix.pch */,
				934321DB12853379002FFB39 /* main.m */,
			);
			name = "Banana Camera";
			sourceTree = "<group>";
		};
		937C272C12859C4700D660AA /* Shared */ = {
			isa = PBXGroup;
			children = (
				93F5FC0112EFED6D0090853B /* info.png */,
				93F5FC0712EFEDF70090853B /* info@2x.png */,
				93F5FC0412EFED800090853B /* pickphoto.png */,
			);
			name = Shared;
			sourceTree = "<group>";
		};
		93D764661290E12300BD26DC /* UIImage */ = {
			isa = PBXGroup;
			children = (
				6AEB15DE1ABA503400B497BC /* UIImage+Resize.h */,
				6AEB15DF1ABA503400B497BC /* UIImage+Resize.m */,
				93D7647E1290E36E00BD26DC /* UIImage+Alpha.h */,
				93D7647F1290E36E00BD26DC /* UIImage+Alpha.m */,
				93D764801290E36E00BD26DC /* UIImage+RoundedCorner.h */,
				93D764811290E36E00BD26DC /* UIImage+RoundedCorner.m */,
			);
			name = UIImage;
			sourceTree = "<group>";
		};
		96CE9A323DA5A680AD064706 /* Pods */ = {
			isa = PBXGroup;
			children = (
				69881A8EA37AB4BD6D384781 /* Pods-ShakeItPhoto.debug.xcconfig */,
				6E73C50128138453542FE24D /* Pods-ShakeItPhoto.release.xcconfig */,
				33EF086C1B12B8A0C5EA9263 /* Pods-ShakeItPhoto.distribution.xcconfig */,
				5EE0EA5F7F356CACDBD88F0C /* Pods-ShakeItPhoto.shakeitphoto_distribution.xcconfig */,
			);
			path = Pods;
			sourceTree = "<group>";
		};
/* End PBXGroup section */

/* Begin PBXHeadersBuildPhase section */
		6D7C20C2261D38E6005C3195 /* Headers */ = {
			isa = PBXHeadersBuildPhase;
			buildActionMask = 2147483647;
			files = (
			);
			runOnlyForDeploymentPostprocessing = 0;
		};
/* End PBXHeadersBuildPhase section */

/* Begin PBXNativeTarget section */
		1D6058900D05DD3D006BFB54 /* ShakeItPhoto */ = {
			isa = PBXNativeTarget;
			buildConfigurationList = 1D6058960D05DD3E006BFB54 /* Build configuration list for PBXNativeTarget "ShakeItPhoto" */;
			buildPhases = (
				5CC51B77CE35E4425E9EE065 /* [CP] Check Pods Manifest.lock */,
				1D60588D0D05DD3D006BFB54 /* Resources */,
				6D7C20C2261D38E6005C3195 /* Headers */,
				1D60588E0D05DD3D006BFB54 /* Sources */,
				1D60588F0D05DD3D006BFB54 /* Frameworks */,
				6DD8DC1422BC0DE400F46261 /* ShellScript */,
				417E5F634D05F5EA6A7553CA /* [CP] Embed Pods Frameworks */,
			);
			buildRules = (
			);
			dependencies = (
			);
			name = ShakeItPhoto;
			productName = BananaCamera;
			productReference = 1D6058910D05DD3D006BFB54 /* ShakeItPhoto.app */;
			productType = "com.apple.product-type.application";
		};
/* End PBXNativeTarget section */

/* Begin PBXProject section */
		29B97313FDCFA39411CA2CEA /* Project object */ = {
			isa = PBXProject;
			attributes = {
				LastUpgradeCheck = 1240;
				TargetAttributes = {
					1D6058900D05DD3D006BFB54 = {
						DevelopmentTeam = 5GGD34ZNFU;
					};
				};
			};
			buildConfigurationList = C01FCF4E08A954540054247B /* Build configuration list for PBXProject "ShakeItPhoto" */;
			compatibilityVersion = "Xcode 13.0";
			developmentRegion = en;
			hasScannedForEncodings = 1;
			knownRegions = (
				fr,
				en,
				de,
				Base,
				ja,
			);
			mainGroup = 29B97314FDCFA39411CA2CEA;
			productRefGroup = 19C28FACFE9D520D11CA2CBB /* Products */;
			projectDirPath = "";
			projectRoot = "";
			targets = (
				1D6058900D05DD3D006BFB54 /* ShakeItPhoto */,
			);
		};
/* End PBXProject section */

/* Begin PBXResourcesBuildPhase section */
		1D60588D0D05DD3D006BFB54 /* Resources */ = {
			isa = PBXResourcesBuildPhase;
			buildActionMask = 2147483647;
			files = (
				934321E612853387002FFB39 /* ShakeItPhotoMainWindow.xib in Resources */,
				934321E712853387002FFB39 /* ShakeItPhotoViewController.xib in Resources */,
				937C2598128539AB00D660AA /* polaroid_eject_effect.aif in Resources */,
				937C259A128539C800D660AA /* shakeitphoto.acv in Resources */,
				937C27B11285EFFC00D660AA /* film.png in Resources */,
				6AC4EB7F19D9036A00409E34 /* SettingsTableViewController.xib in Resources */,
				937C27B21285EFFC00D660AA /* film@2x.png in Resources */,
				6AC4EB7319D8C22B00409E34 /* bg_iPhone4@2x.png in Resources */,
				6AC4EB7519D8C22B00409E34 /* bg_iPhone6@2x.png in Resources */,
				937C27C51285F9DB00D660AA /* preview.png in Resources */,
				6AF1255B19D7467F00E2905F /* Images.xcassets in Resources */,
				937C27C61285F9DB00D660AA /* preview@2x.png in Resources */,
				2FF0ED79246D0644006B4A1B /* bg_iPhoneXR.png in Resources */,
				93488C841289F90400E90B20 /* iTunesArtwork in Resources */,
				93418A1712976B9F00538E80 /* welcome_screen.png in Resources */,
				93418A1812976B9F00538E80 /* welcome_screen@2x.png in Resources */,
				6AC4EB6519D8B00B00409E34 /* FontAwesome.otf in Resources */,
				9312B5F412A8C12000A3FBFB /* frame.png in Resources */,
				2F230564246D005700291AC7 /* LaunchScreen.storyboard in Resources */,
				6DD8DC1322BC05F300F46261 /* GoogleService-Info.plist in Resources */,
				937641E012AAB68300619899 /* preview_polaroid.png in Resources */,
				937641E112AAB68300619899 /* preview_polaroid@2x.png in Resources */,
				93F5FC0212EFED6D0090853B /* info.png in Resources */,
				2FF0ED75246D04F3006B4A1B /* bg_iPhoneXSmax.png in Resources */,
				93F5FC0512EFED800090853B /* pickphoto.png in Resources */,
				93F5FC0812EFEDF70090853B /* info@2x.png in Resources */,
				9340F96213101A7600FF756E /* MadeinPolaroid.png in Resources */,
				939EE6B61338DA920079B253 /* MadeinPolaroid@2x.png in Resources */,
				935E465F134199AD0009CD93 /* frame_polaroid.png in Resources */,
				9326E01B13E87C710087542A /* green.jpg in Resources */,
				6AC4EB7419D8C22B00409E34 /* bg_iPhone5@2x.png in Resources */,
				9326E01C13E87C710087542A /* blue.jpg in Resources */,
				6AC4EB7219D8C22B00409E34 /* bg_iPhone6Plus@2x.png in Resources */,
			);
			runOnlyForDeploymentPostprocessing = 0;
		};
/* End PBXResourcesBuildPhase section */

/* Begin PBXShellScriptBuildPhase section */
		417E5F634D05F5EA6A7553CA /* [CP] Embed Pods Frameworks */ = {
			isa = PBXShellScriptBuildPhase;
			buildActionMask = 2147483647;
			files = (
			);
			inputFileListPaths = (
				"${PODS_ROOT}/Target Support Files/Pods-ShakeItPhoto/Pods-ShakeItPhoto-frameworks-${CONFIGURATION}-input-files.xcfilelist",
			);
			name = "[CP] Embed Pods Frameworks";
			outputFileListPaths = (
				"${PODS_ROOT}/Target Support Files/Pods-ShakeItPhoto/Pods-ShakeItPhoto-frameworks-${CONFIGURATION}-output-files.xcfilelist",
			);
			runOnlyForDeploymentPostprocessing = 0;
			shellPath = /bin/sh;
			shellScript = "\"${PODS_ROOT}/Target Support Files/Pods-ShakeItPhoto/Pods-ShakeItPhoto-frameworks.sh\"\n";
			showEnvVarsInLog = 0;
		};
		5CC51B77CE35E4425E9EE065 /* [CP] Check Pods Manifest.lock */ = {
			isa = PBXShellScriptBuildPhase;
			buildActionMask = 2147483647;
			files = (
			);
			inputFileListPaths = (
			);
			inputPaths = (
				"${PODS_PODFILE_DIR_PATH}/Podfile.lock",
				"${PODS_ROOT}/Manifest.lock",
			);
			name = "[CP] Check Pods Manifest.lock";
			outputFileListPaths = (
			);
			outputPaths = (
				"$(DERIVED_FILE_DIR)/Pods-ShakeItPhoto-checkManifestLockResult.txt",
			);
			runOnlyForDeploymentPostprocessing = 0;
			shellPath = /bin/sh;
			shellScript = "diff \"${PODS_PODFILE_DIR_PATH}/Podfile.lock\" \"${PODS_ROOT}/Manifest.lock\" > /dev/null\nif [ $? != 0 ] ; then\n    # print error to STDERR\n    echo \"error: The sandbox is not in sync with the Podfile.lock. Run 'pod install' or update your CocoaPods installation.\" >&2\n    exit 1\nfi\n# This output is used by Xcode 'outputs' to avoid re-running this script phase.\necho \"SUCCESS\" > \"${SCRIPT_OUTPUT_FILE_0}\"\n";
			showEnvVarsInLog = 0;
		};
		6DD8DC1422BC0DE400F46261 /* ShellScript */ = {
			isa = PBXShellScriptBuildPhase;
			buildActionMask = 2147483647;
			files = (
			);
			inputFileListPaths = (
			);
			inputPaths = (
				"$(SRCROOT)/$(BUILT_PRODUCTS_DIR)/$(INFOPLIST_PATH)",
				"${DWARF_DSYM_FOLDER_PATH}/${DWARF_DSYM_FILE_NAME}/Contents/Resources/DWARF/${TARGET_NAME}",
			);
			outputFileListPaths = (
			);
			outputPaths = (
			);
			runOnlyForDeploymentPostprocessing = 0;
			shellPath = /bin/sh;
			shellScript = "\"${PODS_ROOT}/FirebaseCrashlytics/run\"\n";
		};
/* End PBXShellScriptBuildPhase section */

/* Begin PBXSourcesBuildPhase section */
		1D60588E0D05DD3D006BFB54 /* Sources */ = {
			isa = PBXSourcesBuildPhase;
			buildActionMask = 2147483647;
			files = (
				934321DC12853379002FFB39 /* BananaCameraAppDelegate.m in Sources */,
				934321DD12853379002FFB39 /* BananaCameraViewController.m in Sources */,
				934321DE12853379002FFB39 /* main.m in Sources */,
				934321F712853449002FFB39 /* ShakeItPhotoAppDelegate.m in Sources */,
				934321F812853449002FFB39 /* ShakeItPhotoViewController.m in Sources */,
				937C25AF12853A7B00D660AA /* BananaCameraImage.mm in Sources */,
				937C25B012853A7B00D660AA /* BananaCameraImageCurve.mm in Sources */,
				937C25B112853A7B00D660AA /* BananaCameraUtilities.mm in Sources */,
				937C25DC12853C8500D660AA /* BananaCameraGrowlView.mm in Sources */,
				937C25DD12853C8500D660AA /* CALayer_Additions.mm in Sources */,
				937C25DE12853C8500D660AA /* NSNotificationCenter_Additions.mm in Sources */,
				937C25E612853CF800D660AA /* BananaCameraSoundEffect.m in Sources */,
				89BA00EC22A995FE0046C17C /* ALAssetsLibrary+CSNAdditions.m in Sources */,
				6AC4EB8219D90F9000409E34 /* WebViewController.m in Sources */,
				6AC4EB7E19D9036A00409E34 /* SettingsTableViewController.m in Sources */,
				6AEB15F41ABA503400B497BC /* UIImage+Resize.m in Sources */,
				6AD324631A8DC70400C115A5 /* InstagramActivity.m in Sources */,
				937C2654128540D000D660AA /* BananaCameraConstants.mm in Sources */,
				937C27621285B6B100D660AA /* ShakeItPhotoConstants.mm in Sources */,
				9321E54712891031001EC80F /* ShakeItPhotoImageProcessor.mm in Sources */,
				93D764821290E36E00BD26DC /* UIImage+Alpha.m in Sources */,
				93D764831290E36E00BD26DC /* UIImage+RoundedCorner.m in Sources */,
				93E593A713160AC00085345E /* RoundedRectView.mm in Sources */,
			);
			runOnlyForDeploymentPostprocessing = 0;
		};
/* End PBXSourcesBuildPhase section */

/* Begin XCBuildConfiguration section */
		1D6058940D05DD3E006BFB54 /* Debug */ = {
			isa = XCBuildConfiguration;
			baseConfigurationReference = 69881A8EA37AB4BD6D384781 /* Pods-ShakeItPhoto.debug.xcconfig */;
			buildSettings = {
				ALWAYS_SEARCH_USER_PATHS = NO;
				ASSETCATALOG_COMPILER_APPICON_NAME = AppIcon;
				ASSETCATALOG_COMPILER_INCLUDE_ALL_APPICON_ASSETS = YES;
				ASSETCATALOG_COMPILER_LAUNCHIMAGE_NAME = LaunchImage;
				CLANG_ENABLE_MODULES = YES;
				CLANG_ENABLE_OBJC_ARC = YES;
				CODE_SIGN_IDENTITY = "iPhone Developer";
				"CODE_SIGN_IDENTITY[sdk=iphoneos*]" = "iPhone Developer";
				COPY_PHASE_STRIP = NO;
				CURRENT_PROJECT_VERSION = 1;
				DEVELOPMENT_TEAM = 5GGD34ZNFU;
				GCC_DYNAMIC_NO_PIC = NO;
				GCC_OPTIMIZATION_LEVEL = 0;
				GCC_PRECOMPILE_PREFIX_HEADER = YES;
				GCC_PREFIX_HEADER = Shared/ShakeItPhoto_Prefix.pch;
				GCC_THUMB_SUPPORT = NO;
				INFOPLIST_FILE = "ShakeItPhoto/ShakeItPhoto-Info.plist";
				IPHONEOS_DEPLOYMENT_TARGET = 14.0;
				MARKETING_VERSION = 3.3.2;
				PRODUCT_BUNDLE_IDENTIFIER = com.greyscalegorilla.ShakeItPhoto;
				PRODUCT_NAME = ShakeItPhoto;
				PROVISIONING_PROFILE = "";
			};
			name = Debug;
		};
		1D6058950D05DD3E006BFB54 /* Release */ = {
			isa = XCBuildConfiguration;
			baseConfigurationReference = 6E73C50128138453542FE24D /* Pods-ShakeItPhoto.release.xcconfig */;
			buildSettings = {
				ALWAYS_SEARCH_USER_PATHS = NO;
				ASSETCATALOG_COMPILER_APPICON_NAME = AppIcon;
				ASSETCATALOG_COMPILER_INCLUDE_ALL_APPICON_ASSETS = YES;
				ASSETCATALOG_COMPILER_LAUNCHIMAGE_NAME = LaunchImage;
				CLANG_ENABLE_MODULES = YES;
				CLANG_ENABLE_OBJC_ARC = YES;
				CODE_SIGN_IDENTITY = "iPhone Developer";
				"CODE_SIGN_IDENTITY[sdk=iphoneos*]" = "iPhone Developer";
				COPY_PHASE_STRIP = YES;
				CURRENT_PROJECT_VERSION = 1;
				DEVELOPMENT_TEAM = 5GGD34ZNFU;
				GCC_PRECOMPILE_PREFIX_HEADER = YES;
				GCC_PREFIX_HEADER = Shared/ShakeItPhoto_Prefix.pch;
				GCC_THUMB_SUPPORT = NO;
				INFOPLIST_FILE = "ShakeItPhoto/ShakeItPhoto-Info.plist";
				IPHONEOS_DEPLOYMENT_TARGET = 14.0;
				MARKETING_VERSION = 3.3.2;
				PRODUCT_BUNDLE_IDENTIFIER = com.greyscalegorilla.ShakeItPhoto;
				PRODUCT_NAME = ShakeItPhoto;
				PROVISIONING_PROFILE = "";
				VALIDATE_PRODUCT = YES;
			};
			name = Release;
		};
		93863811130843A900EC3F3F /* ShakeItPhoto_Distribution */ = {
			isa = XCBuildConfiguration;
			baseConfigurationReference = 5EE0EA5F7F356CACDBD88F0C /* Pods-ShakeItPhoto.shakeitphoto_distribution.xcconfig */;
			buildSettings = {
				ALWAYS_SEARCH_USER_PATHS = NO;
				ASSETCATALOG_COMPILER_APPICON_NAME = AppIcon;
				ASSETCATALOG_COMPILER_INCLUDE_ALL_APPICON_ASSETS = YES;
				ASSETCATALOG_COMPILER_LAUNCHIMAGE_NAME = LaunchImage;
				CLANG_ENABLE_MODULES = YES;
				CLANG_ENABLE_OBJC_ARC = YES;
				CODE_SIGN_IDENTITY = "Apple Development";
				"CODE_SIGN_IDENTITY[sdk=iphoneos*]" = "iPhone Developer";
				COPY_PHASE_STRIP = YES;
				CURRENT_PROJECT_VERSION = 1;
				DEBUG_INFORMATION_FORMAT = "dwarf-with-dsym";
				DEVELOPMENT_TEAM = 5GGD34ZNFU;
				ENABLE_HARDENED_RUNTIME = YES;
				GCC_PRECOMPILE_PREFIX_HEADER = YES;
				GCC_PREFIX_HEADER = Shared/ShakeItPhoto_Prefix.pch;
				GCC_THUMB_SUPPORT = NO;
				INFOPLIST_FILE = "ShakeItPhoto/ShakeItPhoto-Info.plist";
				IPHONEOS_DEPLOYMENT_TARGET = 14.0;
				MARKETING_VERSION = 3.3.2;
				PRODUCT_BUNDLE_IDENTIFIER = com.greyscalegorilla.ShakeItPhoto;
				PRODUCT_NAME = ShakeItPhoto;
				PROVISIONING_PROFILE = "";
				VALIDATE_PRODUCT = YES;
			};
			name = ShakeItPhoto_Distribution;
		};
		93AE66A8133AAECE0096D79C /* Distribution */ = {
			isa = XCBuildConfiguration;
			buildSettings = {
				CLANG_ANALYZER_LOCALIZABILITY_NONLOCALIZED = YES;
				CLANG_WARN_BLOCK_CAPTURE_AUTORELEASING = YES;
				CLANG_WARN_BOOL_CONVERSION = YES;
				CLANG_WARN_COMMA = YES;
				CLANG_WARN_CONSTANT_CONVERSION = YES;
				CLANG_WARN_DEPRECATED_OBJC_IMPLEMENTATIONS = YES;
				CLANG_WARN_EMPTY_BODY = YES;
				CLANG_WARN_ENUM_CONVERSION = YES;
				CLANG_WARN_INFINITE_RECURSION = YES;
				CLANG_WARN_INT_CONVERSION = YES;
				CLANG_WARN_NON_LITERAL_NULL_CONVERSION = YES;
				CLANG_WARN_OBJC_IMPLICIT_RETAIN_SELF = YES;
				CLANG_WARN_OBJC_LITERAL_CONVERSION = YES;
				CLANG_WARN_QUOTED_INCLUDE_IN_FRAMEWORK_HEADER = YES;
				CLANG_WARN_RANGE_LOOP_ANALYSIS = YES;
				CLANG_WARN_STRICT_PROTOTYPES = YES;
				CLANG_WARN_SUSPICIOUS_MOVE = YES;
				CLANG_WARN_UNREACHABLE_CODE = YES;
				CLANG_WARN__DUPLICATE_METHOD_MATCH = YES;
				"CODE_SIGN_IDENTITY[sdk=iphoneos*]" = "iPhone Distribution: Tammy Brennan";
				ENABLE_BITCODE = NO;
				ENABLE_STRICT_OBJC_MSGSEND = YES;
				GCC_C_LANGUAGE_STANDARD = c99;
				GCC_NO_COMMON_BLOCKS = YES;
				GCC_WARN_64_TO_32_BIT_CONVERSION = YES;
				GCC_WARN_ABOUT_RETURN_TYPE = YES;
				GCC_WARN_UNDECLARED_SELECTOR = YES;
				GCC_WARN_UNINITIALIZED_AUTOS = YES;
				GCC_WARN_UNUSED_FUNCTION = YES;
				GCC_WARN_UNUSED_VARIABLE = YES;
				IPHONEOS_DEPLOYMENT_TARGET = 14.0;
				OTHER_CFLAGS = "-DNS_BLOCK_ASSERTIONS=1";
				"PROVISIONING_PROFILE[sdk=iphoneos*]" = "CB1A5F8F-D996-48D2-8B35-7E63EA6CACD9";
				SDKROOT = iphoneos;
			};
			name = Distribution;
		};
		93AE66A9133AAECE0096D79C /* Distribution */ = {
			isa = XCBuildConfiguration;
			baseConfigurationReference = 33EF086C1B12B8A0C5EA9263 /* Pods-ShakeItPhoto.distribution.xcconfig */;
			buildSettings = {
				ALWAYS_SEARCH_USER_PATHS = NO;
				ASSETCATALOG_COMPILER_APPICON_NAME = AppIcon;
				ASSETCATALOG_COMPILER_INCLUDE_ALL_APPICON_ASSETS = YES;
				ASSETCATALOG_COMPILER_LAUNCHIMAGE_NAME = LaunchImage;
				CLANG_ENABLE_MODULES = YES;
				CLANG_ENABLE_OBJC_ARC = YES;
				CODE_SIGN_IDENTITY = "iPhone Developer";
				"CODE_SIGN_IDENTITY[sdk=iphoneos*]" = "iPhone Developer";
				COPY_PHASE_STRIP = YES;
				CURRENT_PROJECT_VERSION = 1;
				DEVELOPMENT_TEAM = 5GGD34ZNFU;
				GCC_PRECOMPILE_PREFIX_HEADER = YES;
				GCC_PREFIX_HEADER = Shared/ShakeItPhoto_Prefix.pch;
				GCC_THUMB_SUPPORT = NO;
				INFOPLIST_FILE = "ShakeItPhoto/ShakeItPhoto-Info.plist";
				IPHONEOS_DEPLOYMENT_TARGET = 14.0;
				MARKETING_VERSION = 3.3.2;
				PRODUCT_BUNDLE_IDENTIFIER = com.greyscalegorilla.ShakeItPhoto;
				PRODUCT_NAME = ShakeItPhoto;
				PROVISIONING_PROFILE = "";
				VALIDATE_PRODUCT = YES;
			};
			name = Distribution;
		};
		C01FCF4F08A954540054247B /* Debug */ = {
			isa = XCBuildConfiguration;
			buildSettings = {
				CLANG_ANALYZER_LOCALIZABILITY_NONLOCALIZED = YES;
				CLANG_WARN_BLOCK_CAPTURE_AUTORELEASING = YES;
				CLANG_WARN_BOOL_CONVERSION = YES;
				CLANG_WARN_COMMA = YES;
				CLANG_WARN_CONSTANT_CONVERSION = YES;
				CLANG_WARN_DEPRECATED_OBJC_IMPLEMENTATIONS = YES;
				CLANG_WARN_EMPTY_BODY = YES;
				CLANG_WARN_ENUM_CONVERSION = YES;
				CLANG_WARN_INFINITE_RECURSION = YES;
				CLANG_WARN_INT_CONVERSION = YES;
				CLANG_WARN_NON_LITERAL_NULL_CONVERSION = YES;
				CLANG_WARN_OBJC_IMPLICIT_RETAIN_SELF = YES;
				CLANG_WARN_OBJC_LITERAL_CONVERSION = YES;
				CLANG_WARN_QUOTED_INCLUDE_IN_FRAMEWORK_HEADER = YES;
				CLANG_WARN_RANGE_LOOP_ANALYSIS = YES;
				CLANG_WARN_STRICT_PROTOTYPES = YES;
				CLANG_WARN_SUSPICIOUS_MOVE = YES;
				CLANG_WARN_UNREACHABLE_CODE = YES;
				CLANG_WARN__DUPLICATE_METHOD_MATCH = YES;
				"CODE_SIGN_IDENTITY[sdk=iphoneos*]" = "iPhone Developer";
				ENABLE_BITCODE = NO;
				ENABLE_STRICT_OBJC_MSGSEND = YES;
				ENABLE_TESTABILITY = YES;
				GCC_C_LANGUAGE_STANDARD = c99;
				GCC_NO_COMMON_BLOCKS = YES;
				GCC_WARN_64_TO_32_BIT_CONVERSION = YES;
				GCC_WARN_ABOUT_RETURN_TYPE = YES;
				GCC_WARN_UNDECLARED_SELECTOR = YES;
				GCC_WARN_UNINITIALIZED_AUTOS = YES;
				GCC_WARN_UNUSED_FUNCTION = YES;
				GCC_WARN_UNUSED_VARIABLE = YES;
				IPHONEOS_DEPLOYMENT_TARGET = 14.0;
				ONLY_ACTIVE_ARCH = YES;
				SDKROOT = iphoneos;
			};
			name = Debug;
		};
		C01FCF5008A954540054247B /* Release */ = {
			isa = XCBuildConfiguration;
			buildSettings = {
				CLANG_ANALYZER_LOCALIZABILITY_NONLOCALIZED = YES;
				CLANG_WARN_BLOCK_CAPTURE_AUTORELEASING = YES;
				CLANG_WARN_BOOL_CONVERSION = YES;
				CLANG_WARN_COMMA = YES;
				CLANG_WARN_CONSTANT_CONVERSION = YES;
				CLANG_WARN_DEPRECATED_OBJC_IMPLEMENTATIONS = YES;
				CLANG_WARN_EMPTY_BODY = YES;
				CLANG_WARN_ENUM_CONVERSION = YES;
				CLANG_WARN_INFINITE_RECURSION = YES;
				CLANG_WARN_INT_CONVERSION = YES;
				CLANG_WARN_NON_LITERAL_NULL_CONVERSION = YES;
				CLANG_WARN_OBJC_IMPLICIT_RETAIN_SELF = YES;
				CLANG_WARN_OBJC_LITERAL_CONVERSION = YES;
				CLANG_WARN_QUOTED_INCLUDE_IN_FRAMEWORK_HEADER = YES;
				CLANG_WARN_RANGE_LOOP_ANALYSIS = YES;
				CLANG_WARN_STRICT_PROTOTYPES = YES;
				CLANG_WARN_SUSPICIOUS_MOVE = YES;
				CLANG_WARN_UNREACHABLE_CODE = YES;
				CLANG_WARN__DUPLICATE_METHOD_MATCH = YES;
				"CODE_SIGN_IDENTITY[sdk=iphoneos*]" = "iPhone Developer";
				ENABLE_BITCODE = NO;
				ENABLE_STRICT_OBJC_MSGSEND = YES;
				GCC_C_LANGUAGE_STANDARD = c99;
				GCC_NO_COMMON_BLOCKS = YES;
				GCC_WARN_64_TO_32_BIT_CONVERSION = YES;
				GCC_WARN_ABOUT_RETURN_TYPE = YES;
				GCC_WARN_UNDECLARED_SELECTOR = YES;
				GCC_WARN_UNINITIALIZED_AUTOS = YES;
				GCC_WARN_UNUSED_FUNCTION = YES;
				GCC_WARN_UNUSED_VARIABLE = YES;
				IPHONEOS_DEPLOYMENT_TARGET = 14.0;
				OTHER_CFLAGS = "-DNS_BLOCK_ASSERTIONS=1";
				SDKROOT = iphoneos;
			};
			name = Release;
		};
/* End XCBuildConfiguration section */

/* Begin XCConfigurationList section */
		1D6058960D05DD3E006BFB54 /* Build configuration list for PBXNativeTarget "ShakeItPhoto" */ = {
			isa = XCConfigurationList;
			buildConfigurations = (
				1D6058940D05DD3E006BFB54 /* Debug */,
				1D6058950D05DD3E006BFB54 /* Release */,
				93AE66A9133AAECE0096D79C /* Distribution */,
				93863811130843A900EC3F3F /* ShakeItPhoto_Distribution */,
			);
			defaultConfigurationIsVisible = 0;
			defaultConfigurationName = Release;
		};
		C01FCF4E08A954540054247B /* Build configuration list for PBXProject "ShakeItPhoto" */ = {
			isa = XCConfigurationList;
			buildConfigurations = (
				C01FCF4F08A954540054247B /* Debug */,
				C01FCF5008A954540054247B /* Release */,
				93AE66A8133AAECE0096D79C /* Distribution */,
			);
			defaultConfigurationIsVisible = 0;
			defaultConfigurationName = Release;
		};
/* End XCConfigurationList section */
	};
	rootObject = 29B97313FDCFA39411CA2CEA /* Project object */;
}
