PODS:
  - ALAssetsLibrary-CustomPhotoAlbum (1.3.4)
  - SVProgressHUD (2.2.5)

DEPENDENCIES:
  - ALAssetsLibrary-CustomPhotoAlbum (~> 1.3)
  - SVProgressHUD (~> 2.0)

SPEC REPOS:
  trunk:
    - ALAssetsLibrary-CustomPhotoAlbum
    - SVProgressHUD

SPEC CHECKSUMS:
  ALAssetsLibrary-CustomPhotoAlbum: 73ce379e8bef8bb6ff2f286cd98461422f869fae
  SVProgressHUD: 1428aafac632c1f86f62aa4243ec12008d7a51d6

PODFILE CHECKSUM: 3449a480575f1480a0449ee2b123128e7d34884e

COCOAPODS: 1.11.3
