PODS:
  - Sentry (7.27.0):
    - Sentry/Core (= 7.27.0)
  - Sentry/Core (7.27.0)

DEPENDENCIES:
  - Sentry (from `https://github.com/getsentry/sentry-cocoa.git`, tag `7.27.0`)

EXTERNAL SOURCES:
  Sentry:
    :git: https://github.com/getsentry/sentry-cocoa.git
    :tag: 7.27.0

CHECKOUT OPTIONS:
  Sentry:
    :git: https://github.com/getsentry/sentry-cocoa.git
    :tag: 7.27.0

SPEC CHECKSUMS:
  Sentry: 026b36fdc09531604db9279e55f047fe652e3f4a

PODFILE CHECKSUM: 24f3959e8923ac0fe20a623775d9e2adeb97dcb6

COCOAPODS: 1.11.3
